github.com/blackjack/webcam v0.6.1 h1:K0T6Q0zto23U99gNAa5q/hFoye6uGcKr2aE6hFoxVoE=
github.com/blackjack/webcam v0.6.1/go.mod h1:zs+RkUZzqpFPHPiwBZ6U5B34ZXXe9i+SiHLKnnukJuI=
github.com/coreos/go-systemd/v22 v22.5.0 h1:RrqgGjYQKalulkV8NGVIfkXQf6YYmOyiJKk8iXXhfZs=
github.com/coreos/go-systemd/v22 v22.5.0/go.mod h1:Y58oyj3AT4RCenI/lSvhwexgC+NSVTIJ3seZv2GcEnc=
github.com/donpark/pam v0.0.0-20211007194605-949b1bb6253f h1:kSt07G6SC68MJ532wLhkFkPQfMoEvoA02trRqyuEKRw=
github.com/donpark/pam v0.0.0-20211007194605-949b1bb6253f/go.mod h1:jHJ4GGXsDWdJFWW952iHA2OdfsrYx9+XjihK+omJbeA=
github.com/godbus/dbus/v5 v5.0.4/go.mod h1:xhWf0FNVPg57R7Z0UbKHbJfkEywrmjJnf7w5xrFpKfA=
github.com/pkg/errors v0.9.1 h1:FEBLx1zS214owpjy7qsBeixbURkuhQAwrK5UwLGTwt4=
github.com/pkg/errors v0.9.1/go.mod h1:bwawxfHBFNV+L2hUp1rHADufV3IMtnDRdf1r5NINEl0=
golang.org/x/sys v0.33.0 h1:q3i8TbbEz+JRD9ywIRlyRAQbM0qF7hu24q3teo2hbuw=
golang.org/x/sys v0.33.0/go.mod h1:BJP2sWEmIv4KK5OTEluFJCKSidICx8ciO85XgH3Ak8k=
