github.com/blackjack/webcam v0.6.1 h1:K0T6Q0zto23U99gNAa5q/hFoye6uGcKr2aE6hFoxVoE=
github.com/blackjack/webcam v0.6.1/go.mod h1:zs+RkUZzqpFPHPiwBZ6U5B34ZXXe9i+SiHLKnnukJuI=
github.com/coreos/go-systemd/v22 v22.6.0 h1:aGVa/v8B7hpb0TKl0MWoAavPDmHvobFe5R5zn0bCJWo=
github.com/coreos/go-systemd/v22 v22.6.0/go.mod h1:iG+pp635Fo7ZmV/j14KUcmEyWF+0X7Lua8rrTWzYgWU=
github.com/donpark/pam v0.0.0-20211007194605-949b1bb6253f h1:kSt07G6SC68MJ532wLhkFkPQfMoEvoA02trRqyuEKRw=
github.com/donpark/pam v0.0.0-20211007194605-949b1bb6253f/go.mod h1:jHJ4GGXsDWdJFWW952iHA2OdfsrYx9+XjihK+omJbeA=
golang.org/x/sys v0.36.0 h1:KVRy2GtZBrk1cBYA7MKu5bEZFxQk4NIDV6RLVcC8o0k=
golang.org/x/sys v0.36.0/go.mod h1:OgkHotnGiDImocRcuBABYBEXf8A9a87e/uXjp9XT3ks=
