# This file is autogenerated, do not edit; changes may be undone by the next 'dep ensure'.


[[projects]]
  digest = "1:2808029508f87e5e58aff55eff126e9a02a79951db52fa994883ee1825d48469"
  name = "github.com/blackjack/webcam"
  packages = [
    ".",
    "ioctl",
  ]
  pruneopts = "UT"
  revision = "dba29cd98b67338ba06da65a102550592eed5426"
  version = "v0.3"

[[projects]]
  digest = "1:40e195917a951a8bf867cd05de2a46aaf1806c50cf92eebf4c16f78cd196f747"
  name = "github.com/pkg/errors"
  packages = ["."]
  pruneopts = "UT"
  revision = "645ef00459ed84a119197bfb8d8205042c6df63d"
  version = "v0.8.0"

[[projects]]
  branch = "master"
  digest = "1:700ccf3e2a5f1a40cbad18449a2e18eec9f3e252f9e333cfef94ceeb2f5e3f72"
  name = "github.com/zro/pam"
  packages = ["."]
  pruneopts = "UT"
  revision = "129c878c5a1d1d1e338d35de4801cae23843d798"

[[projects]]
  digest = "1:0cce1849111fbc7c78565299ba54306fba1136d9f6d671c4ad0d8729d2110d0a"
  name = "gocv.io/x/gocv"
  packages = [
    ".",
    "contrib",
  ]
  pruneopts = "UT"
  revision = "3f4d73bc6a6e20e4880c0ea208f3e80880e1c725"
  version = "0.15.0"

[[projects]]
  branch = "master"
  digest = "1:19f92ce03256cc8a4467054842ec81f081985becd92bbc443e7604dfe801e6a8"
  name = "golang.org/x/sys"
  packages = ["unix"]
  pruneopts = "UT"
  revision = "4910a1d54f876d7b22162a85f4d066d3ee649450"

[solve-meta]
  analyzer-name = "dep"
  analyzer-version = 1
  input-imports = [
    "github.com/blackjack/webcam",
    "github.com/pkg/errors",
    "github.com/zro/pam",
    "gocv.io/x/gocv",
    "gocv.io/x/gocv/contrib",
  ]
  solver-name = "gps-cdcl"
  solver-version = 1
